{
  "name": "codex-monitor",
  "version": "0.1.0",
  "lockfileVersion": 3,
  "requires": true,
  "packages": {
    "": {
      "name": "codex-monitor",
      "version": "0.1.0",
      "license": "UNLICENSED",
      "bin": {
        "codex-monitor": "bin/codex-monitor.mjs"
      },
      "engines": {
        "node": ">=22"
      }
    }
  }
}
